
Microsoft Visual Studio Solution File, Format Version 12.00
# Visual Studio Version 18
VisualStudioVersion = 18.2.11415.280 d18.0
MinimumVisualStudioVersion = 10.0.40219.1
Project("{FAE04EC0-301F-11D3-BF4B-00C04F79EFBC}") = "my-economy-api", "my-economy-api\my-economy-api.csproj", "{F8F93289-D4A6-4A7D-B705-866534801EE9}"
EndProject
Project("{FAE04EC0-301F-11D3-BF4B-00C04F79EFBC}") = "my-economy-api-test", "my-economy-api-test\my-economy-api-test.csproj", "{72DBAE56-1DA0-4824-96E9-0BCAEE7CF42E}"
EndProject
Project("{FAE04EC0-301F-11D3-BF4B-00C04F79EFBC}") = "RepositoryPatern", "RepositoriPatern\RepositoryPatern.csproj", "{126A997E-81D5-456C-8503-589729DEA352}"
EndProject
Global
	GlobalSection(SolutionConfigurationPlatforms) = preSolution
		Debug|Any CPU = Debug|Any CPU
		Release|Any CPU = Release|Any CPU
	EndGlobalSection
	GlobalSection(ProjectConfigurationPlatforms) = postSolution
		{F8F93289-D4A6-4A7D-B705-866534801EE9}.Debug|Any CPU.ActiveCfg = Debug|Any CPU
		{F8F93289-D4A6-4A7D-B705-866534801EE9}.Debug|Any CPU.Build.0 = Debug|Any CPU
		{F8F93289-D4A6-4A7D-B705-866534801EE9}.Release|Any CPU.ActiveCfg = Release|Any CPU
		{F8F93289-D4A6-4A7D-B705-866534801EE9}.Release|Any CPU.Build.0 = Release|Any CPU
		{72DBAE56-1DA0-4824-96E9-0BCAEE7CF42E}.Debug|Any CPU.ActiveCfg = Debug|Any CPU
		{72DBAE56-1DA0-4824-96E9-0BCAEE7CF42E}.Debug|Any CPU.Build.0 = Debug|Any CPU
		{72DBAE56-1DA0-4824-96E9-0BCAEE7CF42E}.Release|Any CPU.ActiveCfg = Release|Any CPU
		{72DBAE56-1DA0-4824-96E9-0BCAEE7CF42E}.Release|Any CPU.Build.0 = Release|Any CPU
		{126A997E-81D5-456C-8503-589729DEA352}.Debug|Any CPU.ActiveCfg = Debug|Any CPU
		{126A997E-81D5-456C-8503-589729DEA352}.Debug|Any CPU.Build.0 = Debug|Any CPU
		{126A997E-81D5-456C-8503-589729DEA352}.Release|Any CPU.ActiveCfg = Release|Any CPU
		{126A997E-81D5-456C-8503-589729DEA352}.Release|Any CPU.Build.0 = Release|Any CPU
	EndGlobalSection
	GlobalSection(SolutionProperties) = preSolution
		HideSolutionNode = FALSE
	EndGlobalSection
	GlobalSection(ExtensibilityGlobals) = postSolution
		SolutionGuid = {A802C10C-0A6B-4C6D-8330-C1456DEDEC30}
	EndGlobalSection
EndGlobal
